
Microsoft Visual Studio Solution File, Format Version 12.00
# Visual Studio 15
VisualStudioVersion = 15.0.27703.2026
MinimumVisualStudioVersion = 10.0.40219.1
Project("{FAE04EC0-301F-11D3-BF4B-00C04F79EFBC}") = "TransmissionMetrics", "src\TransmissionMetrics.csproj", "{3305E3D8-1F15-4207-B62A-DBBA32ACE5F2}"
EndProject
Project("{FAE04EC0-301F-11D3-BF4B-00C04F79EFBC}") = "TransmissionApi", "transmission-api\src\TransmissionApi.csproj", "{921BCF23-249E-4AE6-AD6F-EFBFAB60116D}"
EndProject
Global
	GlobalSection(SolutionConfigurationPlatforms) = preSolution
		Debug|Any CPU = Debug|Any CPU
		Release|Any CPU = Release|Any CPU
	EndGlobalSection
	GlobalSection(ProjectConfigurationPlatforms) = postSolution
		{3305E3D8-1F15-4207-B62A-DBBA32ACE5F2}.Debug|Any CPU.ActiveCfg = Debug|Any CPU
		{3305E3D8-1F15-4207-B62A-DBBA32ACE5F2}.Debug|Any CPU.Build.0 = Debug|Any CPU
		{3305E3D8-1F15-4207-B62A-DBBA32ACE5F2}.Release|Any CPU.ActiveCfg = Release|Any CPU
		{3305E3D8-1F15-4207-B62A-DBBA32ACE5F2}.Release|Any CPU.Build.0 = Release|Any CPU
		{921BCF23-249E-4AE6-AD6F-EFBFAB60116D}.Debug|Any CPU.ActiveCfg = Debug|Any CPU
		{921BCF23-249E-4AE6-AD6F-EFBFAB60116D}.Debug|Any CPU.Build.0 = Debug|Any CPU
		{921BCF23-249E-4AE6-AD6F-EFBFAB60116D}.Release|Any CPU.ActiveCfg = Release|Any CPU
		{921BCF23-249E-4AE6-AD6F-EFBFAB60116D}.Release|Any CPU.Build.0 = Release|Any CPU
	EndGlobalSection
	GlobalSection(SolutionProperties) = preSolution
		HideSolutionNode = FALSE
	EndGlobalSection
	GlobalSection(ExtensibilityGlobals) = postSolution
		SolutionGuid = {1B639435-9E4E-4DA2-9099-D6839F3B5763}
	EndGlobalSection
EndGlobal
