
Microsoft Visual Studio Solution File, Format Version 12.00
# Visual Studio 15
VisualStudioVersion = 15.0.27703.2026
MinimumVisualStudioVersion = 10.0.40219.1
Project("{FAE04EC0-301F-11D3-BF4B-00C04F79EFBC}") = "TransmissionMetrics", "src\TransmissionMetrics.csproj", "{1A012319-BF99-44E3-B257-9959CF05A937}"
EndProject
Global
	GlobalSection(SolutionConfigurationPlatforms) = preSolution
		Debug|Any CPU = Debug|Any CPU
		Release|Any CPU = Release|Any CPU
	EndGlobalSection
	GlobalSection(ProjectConfigurationPlatforms) = postSolution
		{1A012319-BF99-44E3-B257-9959CF05A937}.Debug|Any CPU.ActiveCfg = Debug|Any CPU
		{1A012319-BF99-44E3-B257-9959CF05A937}.Debug|Any CPU.Build.0 = Debug|Any CPU
		{1A012319-BF99-44E3-B257-9959CF05A937}.Release|Any CPU.ActiveCfg = Release|Any CPU
		{1A012319-BF99-44E3-B257-9959CF05A937}.Release|Any CPU.Build.0 = Release|Any CPU
	EndGlobalSection
	GlobalSection(SolutionProperties) = preSolution
		HideSolutionNode = FALSE
	EndGlobalSection
	GlobalSection(ExtensibilityGlobals) = postSolution
		SolutionGuid = {0A51BC89-ADEB-45DF-98F0-89E864187C79}
	EndGlobalSection
EndGlobal
